Microsoft Visual Studio Solution File, Format Version 12.00
# Visual Studio Version 17
VisualStudioVersion = 17.5.2.0
MinimumVisualStudioVersion = 10.0.40219.1
Project("{FAE04EC0-301F-11D3-BF4B-00C04F79EFBC}") = "L2.6.Part5", "L2.6.Part5.csproj", "{2BD522A6-60DA-13EF-7000-8D76A8288680}"
EndProject
Global
	GlobalSection(SolutionConfigurationPlatforms) = preSolution
		Debug|Any CPU = Debug|Any CPU
		Release|Any CPU = Release|Any CPU
	EndGlobalSection
	GlobalSection(ProjectConfigurationPlatforms) = postSolution
		{2BD522A6-60DA-13EF-7000-8D76A8288680}.Debug|Any CPU.ActiveCfg = Debug|Any CPU
		{2BD522A6-60DA-13EF-7000-8D76A8288680}.Debug|Any CPU.Build.0 = Debug|Any CPU
		{2BD522A6-60DA-13EF-7000-8D76A8288680}.Release|Any CPU.ActiveCfg = Release|Any CPU
		{2BD522A6-60DA-13EF-7000-8D76A8288680}.Release|Any CPU.Build.0 = Release|Any CPU
	EndGlobalSection
	GlobalSection(SolutionProperties) = preSolution
		HideSolutionNode = FALSE
	EndGlobalSection
	GlobalSection(ExtensibilityGlobals) = postSolution
		SolutionGuid = {C38DF791-C81C-465C-B67C-4FB3AF1E80F7}
	EndGlobalSection
EndGlobal
