Microsoft Visual Studio Solution File, Format Version 12.00
# Visual Studio Version 17
VisualStudioVersion = 17.5.2.0
MinimumVisualStudioVersion = 10.0.40219.1
Project("{FAE04EC0-301F-11D3-BF4B-00C04F79EFBC}") = "L2.9.Part1", "L2.9.Part1.csproj", "{03D03975-B062-500A-044D-18EAB9C537D7}"
EndProject
Global
	GlobalSection(SolutionConfigurationPlatforms) = preSolution
		Debug|Any CPU = Debug|Any CPU
		Release|Any CPU = Release|Any CPU
	EndGlobalSection
	GlobalSection(ProjectConfigurationPlatforms) = postSolution
		{03D03975-B062-500A-044D-18EAB9C537D7}.Debug|Any CPU.ActiveCfg = Debug|Any CPU
		{03D03975-B062-500A-044D-18EAB9C537D7}.Debug|Any CPU.Build.0 = Debug|Any CPU
		{03D03975-B062-500A-044D-18EAB9C537D7}.Release|Any CPU.ActiveCfg = Release|Any CPU
		{03D03975-B062-500A-044D-18EAB9C537D7}.Release|Any CPU.Build.0 = Release|Any CPU
	EndGlobalSection
	GlobalSection(SolutionProperties) = preSolution
		HideSolutionNode = FALSE
	EndGlobalSection
	GlobalSection(ExtensibilityGlobals) = postSolution
		SolutionGuid = {F74C70C5-5DC8-4629-9A30-8FA03A77D5C3}
	EndGlobalSection
EndGlobal
