Microsoft Visual Studio Solution File, Format Version 12.00
# Visual Studio Version 17
VisualStudioVersion = 17.5.2.0
MinimumVisualStudioVersion = 10.0.40219.1
Project("{FAE04EC0-301F-11D3-BF4B-00C04F79EFBC}") = "L2.10.Part3", "L2.10.Part3.csproj", "{A05A7037-CEBD-0FCB-3402-D2F4B8EE9978}"
EndProject
Global
	GlobalSection(SolutionConfigurationPlatforms) = preSolution
		Debug|Any CPU = Debug|Any CPU
		Release|Any CPU = Release|Any CPU
	EndGlobalSection
	GlobalSection(ProjectConfigurationPlatforms) = postSolution
		{A05A7037-CEBD-0FCB-3402-D2F4B8EE9978}.Debug|Any CPU.ActiveCfg = Debug|Any CPU
		{A05A7037-CEBD-0FCB-3402-D2F4B8EE9978}.Debug|Any CPU.Build.0 = Debug|Any CPU
		{A05A7037-CEBD-0FCB-3402-D2F4B8EE9978}.Release|Any CPU.ActiveCfg = Release|Any CPU
		{A05A7037-CEBD-0FCB-3402-D2F4B8EE9978}.Release|Any CPU.Build.0 = Release|Any CPU
	EndGlobalSection
	GlobalSection(SolutionProperties) = preSolution
		HideSolutionNode = FALSE
	EndGlobalSection
	GlobalSection(ExtensibilityGlobals) = postSolution
		SolutionGuid = {3558AF53-8B45-4250-AE1F-1EABF4317586}
	EndGlobalSection
EndGlobal
